
Microsoft Visual Studio Solution File, Format Version 12.00
# Visual Studio Version 16
VisualStudioVersion = 16.0.29102.190
MinimumVisualStudioVersion = 10.0.40219.1
Project("{888888A0-9F3D-457C-B088-3A5042F75D52}") = "REDUCING", "main\REDUCING.pyproj", "{128C0D52-0C1F-4390-8D47-42FC278662E0}"
EndProject
Global
	GlobalSection(SolutionConfigurationPlatforms) = preSolution
		Debug|Any CPU = Debug|Any CPU
		Release|Any CPU = Release|Any CPU
	EndGlobalSection
	GlobalSection(ProjectConfigurationPlatforms) = postSolution
		{128C0D52-0C1F-4390-8D47-42FC278662E0}.Debug|Any CPU.ActiveCfg = Debug|Any CPU
		{128C0D52-0C1F-4390-8D47-42FC278662E0}.Release|Any CPU.ActiveCfg = Release|Any CPU
	EndGlobalSection
	GlobalSection(SolutionProperties) = preSolution
		HideSolutionNode = FALSE
	EndGlobalSection
	GlobalSection(ExtensibilityGlobals) = postSolution
		SolutionGuid = {ADF237FB-EEB6-4293-A820-F3B0F79FD041}
	EndGlobalSection
EndGlobal
